dependencies:
- name: alfresco-identity-service
  repository: https://kubernetes-charts.alfresco.com/incubator
  version: 1.1.2
- name: common
  repository: https://activiti.github.io/activiti-cloud-charts
  version: 1.1.5
digest: sha256:68a962e121be7f50a8b47acb8c32bd4c916ded1cf854d4ff9913083de81c0f9f
generated: 2019-05-24T08:46:26.157678339Z
